# Generated by pub
# See https://dart.dev/tools/pub/glossary#lockfile
packages:
  _flutterfire_internals:
    dependency: transitive
    description:
      name: _flutterfire_internals
      sha256: "64fcb0dbca4386356386c085142fa6e79c00a3326ceaa778a2d25f5d9ba61441"
      url: "https://pub.dev"
    source: hosted
    version: "1.0.16"
  animated_theme_switcher:
    dependency: "direct main"
    description:
      name: animated_theme_switcher
      sha256: "80f1c6fc21b5d1f4ad4edcec009663eb1f2a6e68312a871054d7cd9381d5ea1c"
      url: "https://pub.dev"
    source: hosted
    version: "2.0.7"
  archive:
    dependency: transitive
    description:
      name: archive
      sha256: d6347d54a2d8028e0437e3c099f66fdb8ae02c4720c1e7534c9f24c10351f85d
      url: "https://pub.dev"
    source: hosted
    version: "3.3.6"
  args:
    dependency: transitive
    description:
      name: args
      sha256: "4cab82a83ffef80b262ddedf47a0a8e56ee6fbf7fe21e6e768b02792034dd440"
      url: "https://pub.dev"
    source: hosted
    version: "2.4.0"
  asn1lib:
    dependency: transitive
    description:
      name: asn1lib
      sha256: ab96a1cb3beeccf8145c52e449233fe68364c9641623acd3adad66f8184f1039
      url: "https://pub.dev"
    source: hosted
    version: "1.4.0"
  async:
    dependency: transitive
    description:
      name: async
      sha256: bfe67ef28df125b7dddcea62755991f807aa39a2492a23e1550161692950bbe0
      url: "https://pub.dev"
    source: hosted
    version: "2.10.0"
  barcode:
    dependency: transitive
    description:
      name: barcode
      sha256: "52570564684bbb0240a9f1fdb6bad12adc5e0540103c1c96d6dd550bd928b1c9"
      url: "https://pub.dev"
    source: hosted
    version: "2.2.3"
  boolean_selector:
    dependency: transitive
    description:
      name: boolean_selector
      sha256: "6cfb5af12253eaf2b368f07bacc5a80d1301a071c73360d746b7f2e32d762c66"
      url: "https://pub.dev"
    source: hosted
    version: "2.1.1"
  cached_network_image:
    dependency: transitive
    description:
      name: cached_network_image
      sha256: fd3d0dc1d451f9a252b32d95d3f0c3c487bc41a75eba2e6097cb0b9c71491b15
      url: "https://pub.dev"
    source: hosted
    version: "3.2.3"
  cached_network_image_platform_interface:
    dependency: transitive
    description:
      name: cached_network_image_platform_interface
      sha256: bb2b8403b4ccdc60ef5f25c70dead1f3d32d24b9d6117cfc087f496b178594a7
      url: "https://pub.dev"
    source: hosted
    version: "2.0.0"
  cached_network_image_web:
    dependency: transitive
    description:
      name: cached_network_image_web
      sha256: b8eb814ebfcb4dea049680f8c1ffb2df399e4d03bf7a352c775e26fa06e02fa0
      url: "https://pub.dev"
    source: hosted
    version: "1.0.2"
  carousel_slider:
    dependency: "direct main"
    description:
      name: carousel_slider
      sha256: "9c695cc963bf1d04a47bd6021f68befce8970bcd61d24938e1fb0918cf5d9c42"
      url: "https://pub.dev"
    source: hosted
    version: "4.2.1"
  characters:
    dependency: transitive
    description:
      name: characters
      sha256: e6a326c8af69605aec75ed6c187d06b349707a27fbff8222ca9cc2cff167975c
      url: "https://pub.dev"
    source: hosted
    version: "1.2.1"
  chewie:
    dependency: transitive
    description:
      name: chewie
      sha256: e9da4898ee4859825404f507969f57113c04ca0060e152b95c9afd73934126ad
      url: "https://pub.dev"
    source: hosted
    version: "1.4.0"
  clock:
    dependency: transitive
    description:
      name: clock
      sha256: cb6d7f03e1de671e34607e909a7213e31d7752be4fb66a86d29fe1eb14bfb5cf
      url: "https://pub.dev"
    source: hosted
    version: "1.1.1"
  cloud_firestore:
    dependency: "direct main"
    description:
      name: cloud_firestore
      sha256: "65f148d9f5b4f389320abb45847120cf5e46094c1a8cbc64934ffc1e29688596"
      url: "https://pub.dev"
    source: hosted
    version: "4.4.3"
  cloud_firestore_platform_interface:
    dependency: transitive
    description:
      name: cloud_firestore_platform_interface
      sha256: "43ccae09f7e0c82752e69c251c6dc5efcdff4ddcfc09564175a28657bbd74188"
      url: "https://pub.dev"
    source: hosted
    version: "5.11.3"
  cloud_firestore_web:
    dependency: transitive
    description:
      name: cloud_firestore_web
      sha256: e054c007217e28e07179bbae0564c2a4f6338a60bddb0c139e4834e953f4b95c
      url: "https://pub.dev"
    source: hosted
    version: "3.3.3"
  collection:
    dependency: transitive
    description:
      name: collection
      sha256: cfc915e6923fe5ce6e153b0723c753045de46de1b4d63771530504004a45fae0
      url: "https://pub.dev"
    source: hosted
    version: "1.17.0"
  connectivity_plus:
    dependency: transitive
    description:
      name: connectivity_plus
      sha256: "3f8fe4e504c2d33696dac671a54909743bc6a902a9bb0902306f7a2aed7e528e"
      url: "https://pub.dev"
    source: hosted
    version: "2.3.9"
  connectivity_plus_linux:
    dependency: transitive
    description:
      name: connectivity_plus_linux
      sha256: "3caf859d001f10407b8e48134c761483e4495ae38094ffcca97193f6c271f5e2"
      url: "https://pub.dev"
    source: hosted
    version: "1.3.1"
  connectivity_plus_macos:
    dependency: transitive
    description:
      name: connectivity_plus_macos
      sha256: "488d2de1e47e1224ad486e501b20b088686ba1f4ee9c4420ecbc3b9824f0b920"
      url: "https://pub.dev"
    source: hosted
    version: "1.2.6"
  connectivity_plus_platform_interface:
    dependency: transitive
    description:
      name: connectivity_plus_platform_interface
      sha256: cf1d1c28f4416f8c654d7dc3cd638ec586076255d407cef3ddbdaf178272a71a
      url: "https://pub.dev"
    source: hosted
    version: "1.2.4"
  connectivity_plus_web:
    dependency: transitive
    description:
      name: connectivity_plus_web
      sha256: "81332be1b4baf8898fed17bb4fdef27abb7c6fd990bf98c54fd978478adf2f1a"
      url: "https://pub.dev"
    source: hosted
    version: "1.2.5"
  connectivity_plus_windows:
    dependency: transitive
    description:
      name: connectivity_plus_windows
      sha256: "535b0404b4d5605c4dd8453d67e5d6d2ea0dd36e3b477f50f31af51b0aeab9dd"
      url: "https://pub.dev"
    source: hosted
    version: "1.2.2"
  convert:
    dependency: transitive
    description:
      name: convert
      sha256: "0f08b14755d163f6e2134cb58222dd25ea2a2ee8a195e53983d57c075324d592"
      url: "https://pub.dev"
    source: hosted
    version: "3.1.1"
  cross_file:
    dependency: transitive
    description:
      name: cross_file
      sha256: "0b0036e8cccbfbe0555fd83c1d31a6f30b77a96b598b35a5d36dd41f718695e9"
      url: "https://pub.dev"
    source: hosted
    version: "0.3.3+4"
  crypto:
    dependency: transitive
    description:
      name: crypto
      sha256: aa274aa7774f8964e4f4f38cc994db7b6158dd36e9187aaceaddc994b35c6c67
      url: "https://pub.dev"
    source: hosted
    version: "3.0.2"
  crypto_keys:
    dependency: transitive
    description:
      name: crypto_keys
      sha256: acc19abf34623d990a0e8aec69463d74a824c31f137128f42e2810befc509ad0
      url: "https://pub.dev"
    source: hosted
    version: "0.3.0+1"
  csslib:
    dependency: transitive
    description:
      name: csslib
      sha256: b36c7f7e24c0bdf1bf9a3da461c837d1de64b9f8beb190c9011d8c72a3dfd745
      url: "https://pub.dev"
    source: hosted
    version: "0.17.2"
  cupertino_icons:
    dependency: "direct main"
    description:
      name: cupertino_icons
      sha256: e35129dc44c9118cee2a5603506d823bab99c68393879edb440e0090d07586be
      url: "https://pub.dev"
    source: hosted
    version: "1.0.5"
  dbus:
    dependency: transitive
    description:
      name: dbus
      sha256: "4f814fc7e73057f78f307a6c4714fe2ffb4bdb994ab1970540a068ec4d5a45be"
      url: "https://pub.dev"
    source: hosted
    version: "0.7.3"
  diacritic:
    dependency: transitive
    description:
      name: diacritic
      sha256: c09a420e737dc036122121fea9f774767e95068f34a17894ee9db30c5bda3075
      url: "https://pub.dev"
    source: hosted
    version: "0.1.3"
  dio:
    dependency: transitive
    description:
      name: dio
      sha256: "7d328c4d898a61efc3cd93655a0955858e29a0aa647f0f9e02d59b3bb275e2e8"
      url: "https://pub.dev"
    source: hosted
    version: "4.0.6"
  document_scanner_flutter:
    dependency: "direct main"
    description:
      name: document_scanner_flutter
      sha256: "1e595ac0ab436b509df7dc66e76b9e8792278214241be963b359e21d352b0f0f"
      url: "https://pub.dev"
    source: hosted
    version: "0.2.7"
  email_validator:
    dependency: "direct main"
    description:
      name: email_validator
      sha256: e9a90f27ab2b915a27d7f9c2a7ddda5dd752d6942616ee83529b686fc086221b
      url: "https://pub.dev"
    source: hosted
    version: "2.1.17"
  equatable:
    dependency: transitive
    description:
      name: equatable
      sha256: c2b87cb7756efdf69892005af546c56c0b5037f54d2a88269b4f347a505e3ca2
      url: "https://pub.dev"
    source: hosted
    version: "2.0.5"
  ezanimation:
    dependency: transitive
    description:
      name: ezanimation
      sha256: "4eb21fd8952aaaa294c79dfc5fd1f01de684f8b1614f180ec898d9f13090a5ce"
      url: "https://pub.dev"
    source: hosted
    version: "0.5.0"
  fake_async:
    dependency: transitive
    description:
      name: fake_async
      sha256: "511392330127add0b769b75a987850d136345d9227c6b94c96a04cf4a391bf78"
      url: "https://pub.dev"
    source: hosted
    version: "1.3.1"
  ffi:
    dependency: transitive
    description:
      name: ffi
      sha256: "13a6ccf6a459a125b3fcdb6ec73bd5ff90822e071207c663bfd1f70062d51d18"
      url: "https://pub.dev"
    source: hosted
    version: "1.2.1"
  file:
    dependency: transitive
    description:
      name: file
      sha256: "1b92bec4fc2a72f59a8e15af5f52cd441e4a7860b49499d69dfa817af20e925d"
      url: "https://pub.dev"
    source: hosted
    version: "6.1.4"
  file_picker:
    dependency: transitive
    description:
      name: file_picker
      sha256: "704259669b5e9cb24e15c11cfcf02caf5f20d30901b3916d60b6d1c2d647035f"
      url: "https://pub.dev"
    source: hosted
    version: "4.6.1"
  firebase_auth:
    dependency: "direct main"
    description:
      name: firebase_auth
      sha256: "9907d80446466e638dad31c195150b305dffd145dc57610fcd12c72289432143"
      url: "https://pub.dev"
    source: hosted
    version: "4.2.9"
  firebase_auth_platform_interface:
    dependency: transitive
    description:
      name: firebase_auth_platform_interface
      sha256: c645fec50b0391aa878288f58fa4fe9762c271380c457aedf5c7c9b718604f68
      url: "https://pub.dev"
    source: hosted
    version: "6.11.11"
  firebase_auth_web:
    dependency: transitive
    description:
      name: firebase_auth_web
      sha256: "2dcf2a36852b9091741b4a4047a02e1f2c43a62c6cacec7df573a793a6543e6d"
      url: "https://pub.dev"
    source: hosted
    version: "5.2.8"
  firebase_core:
    dependency: "direct main"
    description:
      name: firebase_core
      sha256: fe30ac230f12f8836bb97e6e09197340d3c584526825b1746ea362a82e1e43f7
      url: "https://pub.dev"
    source: hosted
    version: "2.7.0"
  firebase_core_platform_interface:
    dependency: transitive
    description:
      name: firebase_core_platform_interface
      sha256: "5615b30c36f55b2777d0533771deda7e5730e769e5d3cb7fda79e9bed86cfa55"
      url: "https://pub.dev"
    source: hosted
    version: "4.5.3"
  firebase_core_web:
    dependency: transitive
    description:
      name: firebase_core_web
      sha256: "291fbcace608aca6c860652e1358ef89752be8cc3ef227f8bbcd1e62775b833a"
      url: "https://pub.dev"
    source: hosted
    version: "2.2.1"
  flutter:
    dependency: "direct main"
    description: flutter
    source: sdk
    version: "0.0.0"
  flutter_blurhash:
    dependency: transitive
    description:
      name: flutter_blurhash
      sha256: "05001537bd3fac7644fa6558b09ec8c0a3f2eba78c0765f88912882b1331a5c6"
      url: "https://pub.dev"
    source: hosted
    version: "0.7.0"
  flutter_cache_manager:
    dependency: transitive
    description:
      name: flutter_cache_manager
      sha256: "32cd900555219333326a2d0653aaaf8671264c29befa65bbd9856d204a4c9fb3"
      url: "https://pub.dev"
    source: hosted
    version: "3.3.0"
  flutter_lints:
    dependency: "direct dev"
    description:
      name: flutter_lints
      sha256: aeb0b80a8b3709709c9cc496cdc027c5b3216796bc0af0ce1007eaf24464fd4c
      url: "https://pub.dev"
    source: hosted
    version: "2.0.1"
  flutter_markdown:
    dependency: transitive
    description:
      name: flutter_markdown
      sha256: "7b25c10de1fea883f3c4f9b8389506b54053cd00807beab69fd65c8653a2711f"
      url: "https://pub.dev"
    source: hosted
    version: "0.6.14"
  flutter_plugin_android_lifecycle:
    dependency: transitive
    description:
      name: flutter_plugin_android_lifecycle
      sha256: c224ac897bed083dabf11f238dd11a239809b446740be0c2044608c50029ffdf
      url: "https://pub.dev"
    source: hosted
    version: "2.0.9"
  flutter_portal:
    dependency: transitive
    description:
      name: flutter_portal
      sha256: "0e3f9428dbe9f5253b0e65cdc5ce4fa65a1d8cd6ec2a3f3770b46785aa3c57fd"
      url: "https://pub.dev"
    source: hosted
    version: "0.4.0"
  flutter_screenutil:
    dependency: "direct main"
    description:
      name: flutter_screenutil
      sha256: "8e049ecdc1a62c90e6bf0e9c8398ace8dde81b92889c70cfe06281d79d59113a"
      url: "https://pub.dev"
    source: hosted
    version: "5.6.1"
  flutter_slidable:
    dependency: transitive
    description:
      name: flutter_slidable
      sha256: c7607eb808cdef19c8468246e95a133308aeaeb3971cdd9edfb9d5e31cedfbe9
      url: "https://pub.dev"
    source: hosted
    version: "0.6.0"
  flutter_svg:
    dependency: transitive
    description:
      name: flutter_svg
      sha256: "9ac1967e2f72a08af11b05b39167920f90d043cf67163d13a544a358c8f31afa"
      url: "https://pub.dev"
    source: hosted
    version: "0.22.0"
  flutter_test:
    dependency: "direct dev"
    description: flutter
    source: sdk
    version: "0.0.0"
  flutter_web_plugins:
    dependency: transitive
    description: flutter
    source: sdk
    version: "0.0.0"
  freezed_annotation:
    dependency: transitive
    description:
      name: freezed_annotation
      sha256: "1be037f901137bf2b9a0c309e9bf2694d6ec77687645211218191ade4f41a4b8"
      url: "https://pub.dev"
    source: hosted
    version: "1.1.0"
  google_fonts:
    dependency: "direct main"
    description:
      name: google_fonts
      sha256: "927573f2e8a8d65c17931e21918ad0ab0666b1b636537de7c4932bdb487b190f"
      url: "https://pub.dev"
    source: hosted
    version: "4.0.3"
  google_nav_bar:
    dependency: "direct main"
    description:
      name: google_nav_bar
      sha256: "1c8e3882fa66ee7b74c24320668276ca23affbd58f0b14a24c1e5590f4d07ab0"
      url: "https://pub.dev"
    source: hosted
    version: "5.0.6"
  html:
    dependency: transitive
    description:
      name: html
      sha256: "79d498e6d6761925a34ee5ea8fa6dfef38607781d2fa91e37523474282af55cb"
      url: "https://pub.dev"
    source: hosted
    version: "0.15.2"
  http:
    dependency: "direct main"
    description:
      name: http
      sha256: "6aa2946395183537c8b880962d935877325d6a09a2867c3970c05c0fed6ac482"
      url: "https://pub.dev"
    source: hosted
    version: "0.13.5"
  http_parser:
    dependency: transitive
    description:
      name: http_parser
      sha256: "2aa08ce0341cc9b354a498388e30986515406668dbcc4f7c950c3e715496693b"
      url: "https://pub.dev"
    source: hosted
    version: "4.0.2"
  image:
    dependency: transitive
    description:
      name: image
      sha256: "02bafd3b4f399bfeb10034deba9753d93b55ce41cd0c4d3d8b355626f80e5b32"
      url: "https://pub.dev"
    source: hosted
    version: "3.1.3"
  image_gallery_saver:
    dependency: transitive
    description:
      name: image_gallery_saver
      sha256: be812580c7a320d3bf583af89cac6b376f170d48000aca75215a73285a3223a0
      url: "https://pub.dev"
    source: hosted
    version: "1.7.1"
  image_picker:
    dependency: "direct main"
    description:
      name: image_picker
      sha256: cb25f04595a88450970dbe727243ba8cd21b6f7e0d7d1fc5b789fc6f52e95494
      url: "https://pub.dev"
    source: hosted
    version: "0.8.7+1"
  image_picker_android:
    dependency: transitive
    description:
      name: image_picker_android
      sha256: dfb5b0f28b8786fcc662b7ed42bfb4b82a6cbbd74da1958384b10d40bdf212a7
      url: "https://pub.dev"
    source: hosted
    version: "0.8.6+6"
  image_picker_for_web:
    dependency: transitive
    description:
      name: image_picker_for_web
      sha256: "98f50d6b9f294c8ba35e25cc0d13b04bfddd25dbc8d32fa9d566a6572f2c081c"
      url: "https://pub.dev"
    source: hosted
    version: "2.1.12"
  image_picker_ios:
    dependency: transitive
    description:
      name: image_picker_ios
      sha256: d4cb8ab04f770dab9d04c7959e5f6d22e8c5280343d425f9344f93832cf58445
      url: "https://pub.dev"
    source: hosted
    version: "0.8.7+2"
  image_picker_platform_interface:
    dependency: transitive
    description:
      name: image_picker_platform_interface
      sha256: "1991219d9dbc42a99aff77e663af8ca51ced592cd6685c9485e3458302d3d4f8"
      url: "https://pub.dev"
    source: hosted
    version: "2.6.3"
  intl:
    dependency: "direct main"
    description:
      name: intl
      sha256: "910f85bce16fb5c6f614e117efa303e85a1731bb0081edf3604a2ae6e9a3cc91"
      url: "https://pub.dev"
    source: hosted
    version: "0.17.0"
  jiffy:
    dependency: transitive
    description:
      name: jiffy
      sha256: "2b3d31a5ced81bdf0e2ae454e1dc5e265f1f1f02f122904ae84857d6a1aa614f"
      url: "https://pub.dev"
    source: hosted
    version: "4.1.0"
  jose:
    dependency: transitive
    description:
      name: jose
      sha256: "06d28181b3ca26ffb83bf943f62f29d6b1b55793c852a389d3a29e6a5f54d325"
      url: "https://pub.dev"
    source: hosted
    version: "0.3.3"
  js:
    dependency: transitive
    description:
      name: js
      sha256: "5528c2f391ededb7775ec1daa69e65a2d61276f7552de2b5f7b8d34ee9fd4ab7"
      url: "https://pub.dev"
    source: hosted
    version: "0.6.5"
  json_annotation:
    dependency: transitive
    description:
      name: json_annotation
      sha256: c33da08e136c3df0190bd5bbe51ae1df4a7d96e7954d1d7249fea2968a72d317
      url: "https://pub.dev"
    source: hosted
    version: "4.8.0"
  line_awesome_flutter:
    dependency: "direct main"
    description:
      name: line_awesome_flutter
      sha256: "7e1beb342895d7da40d40047d193f8ecfd494355b399dc3d92912c31ccc4d808"
      url: "https://pub.dev"
    source: hosted
    version: "2.0.0"
  lints:
    dependency: transitive
    description:
      name: lints
      sha256: "5e4a9cd06d447758280a8ac2405101e0e2094d2a1dbdd3756aec3fe7775ba593"
      url: "https://pub.dev"
    source: hosted
    version: "2.0.1"
  logging:
    dependency: transitive
    description:
      name: logging
      sha256: "04094f2eb032cbb06c6f6e8d3607edcfcb0455e2bb6cbc010cb01171dcb64e6d"
      url: "https://pub.dev"
    source: hosted
    version: "1.1.1"
  lottie:
    dependency: transitive
    description:
      name: lottie
      sha256: "893da7a0022ec2fcaa616f34529a081f617e86cc501105b856e5a3184c58c7c2"
      url: "https://pub.dev"
    source: hosted
    version: "1.4.3"
  markdown:
    dependency: transitive
    description:
      name: markdown
      sha256: d95a9d12954aafc97f984ca29baaa7690ed4d9ec4140a23ad40580bcdb6c87f5
      url: "https://pub.dev"
    source: hosted
    version: "7.0.2"
  matcher:
    dependency: transitive
    description:
      name: matcher
      sha256: "16db949ceee371e9b99d22f88fa3a73c4e59fd0afed0bd25fc336eb76c198b72"
      url: "https://pub.dev"
    source: hosted
    version: "0.12.13"
  material_color_utilities:
    dependency: transitive
    description:
      name: material_color_utilities
      sha256: d92141dc6fe1dad30722f9aa826c7fbc896d021d792f80678280601aff8cf724
      url: "https://pub.dev"
    source: hosted
    version: "0.2.0"
  meta:
    dependency: transitive
    description:
      name: meta
      sha256: "6c268b42ed578a53088d834796959e4a1814b5e9e164f147f580a386e5decf42"
      url: "https://pub.dev"
    source: hosted
    version: "1.8.0"
  mime:
    dependency: transitive
    description:
      name: mime
      sha256: e4ff8e8564c03f255408decd16e7899da1733852a9110a58fe6d1b817684a63e
      url: "https://pub.dev"
    source: hosted
    version: "1.0.4"
  nested:
    dependency: transitive
    description:
      name: nested
      sha256: "03bac4c528c64c95c722ec99280375a6f2fc708eec17c7b3f07253b626cd2a20"
      url: "https://pub.dev"
    source: hosted
    version: "1.0.0"
  nm:
    dependency: transitive
    description:
      name: nm
      sha256: "2c9aae4127bdc8993206464fcc063611e0e36e72018696cd9631023a31b24254"
      url: "https://pub.dev"
    source: hosted
    version: "0.5.0"
  octo_image:
    dependency: transitive
    description:
      name: octo_image
      sha256: "107f3ed1330006a3bea63615e81cf637433f5135a52466c7caa0e7152bca9143"
      url: "https://pub.dev"
    source: hosted
    version: "1.0.2"
  opencv_4:
    dependency: "direct main"
    description:
      name: opencv_4
      sha256: "9c6b93ba02b6542d848b02523519724de208b6da55df9b20285ef60d34f8452e"
      url: "https://pub.dev"
    source: hosted
    version: "1.0.0"
  path:
    dependency: transitive
    description:
      name: path
      sha256: db9d4f58c908a4ba5953fcee2ae317c94889433e5024c27ce74a37f94267945b
      url: "https://pub.dev"
    source: hosted
    version: "1.8.2"
  path_drawing:
    dependency: transitive
    description:
      name: path_drawing
      sha256: "3bdd251dae9ffaef944450b73f168610db7e968e7b20daf0c3907f8b4aafc8a2"
      url: "https://pub.dev"
    source: hosted
    version: "0.5.1+1"
  path_parsing:
    dependency: transitive
    description:
      name: path_parsing
      sha256: ee5c47c1058ad66b4a41746ec3996af9593d0858872807bcd64ac118f0700337
      url: "https://pub.dev"
    source: hosted
    version: "0.2.1"
  path_provider:
    dependency: "direct main"
    description:
      name: path_provider
      sha256: c7edf82217d4b2952b2129a61d3ad60f1075b9299e629e149a8d2e39c2e6aad4
      url: "https://pub.dev"
    source: hosted
    version: "2.0.14"
  path_provider_android:
    dependency: transitive
    description:
      name: path_provider_android
      sha256: "7623b7d4be0f0f7d9a8b5ee6879fc13e4522d4c875ab86801dee4af32b54b83e"
      url: "https://pub.dev"
    source: hosted
    version: "2.0.23"
  path_provider_foundation:
    dependency: transitive
    description:
      name: path_provider_foundation
      sha256: eec003594f19fe2456ea965ae36b3fc967bc5005f508890aafe31fa75e41d972
      url: "https://pub.dev"
    source: hosted
    version: "2.1.2"
  path_provider_linux:
    dependency: transitive
    description:
      name: path_provider_linux
      sha256: "525ad5e07622d19447ad740b1ed5070031f7a5437f44355ae915ff56e986429a"
      url: "https://pub.dev"
    source: hosted
    version: "2.1.9"
  path_provider_platform_interface:
    dependency: transitive
    description:
      name: path_provider_platform_interface
      sha256: "57585299a729335f1298b43245842678cb9f43a6310351b18fb577d6e33165ec"
      url: "https://pub.dev"
    source: hosted
    version: "2.0.6"
  path_provider_windows:
    dependency: transitive
    description:
      name: path_provider_windows
      sha256: a34ecd7fb548f8e57321fd8e50d865d266941b54e6c3b7758cf8f37c24116905
      url: "https://pub.dev"
    source: hosted
    version: "2.0.7"
  pdf:
    dependency: "direct main"
    description:
      name: pdf
      sha256: "10659b915e65832b106f6d1d213e09b789cc1f24bf282ee911e49db35b96be4d"
      url: "https://pub.dev"
    source: hosted
    version: "3.8.4"
  pedantic:
    dependency: transitive
    description:
      name: pedantic
      sha256: "67fc27ed9639506c856c840ccce7594d0bdcd91bc8d53d6e52359449a1d50602"
      url: "https://pub.dev"
    source: hosted
    version: "1.11.1"
  petitparser:
    dependency: transitive
    description:
      name: petitparser
      sha256: "49392a45ced973e8d94a85fdb21293fbb40ba805fc49f2965101ae748a3683b4"
      url: "https://pub.dev"
    source: hosted
    version: "5.1.0"
  photo_manager:
    dependency: transitive
    description:
      name: photo_manager
      sha256: ca8ed505a7f0ec741b8c53325d1748be46b9676edaa9157086cc9c12d80c017e
      url: "https://pub.dev"
    source: hosted
    version: "1.3.10"
  photo_view:
    dependency: transitive
    description:
      name: photo_view
      sha256: aedb4371e5bf67546ecd92aed341df714f9de5db7c417ce7538a91c2b43d931a
      url: "https://pub.dev"
    source: hosted
    version: "0.12.0"
  platform:
    dependency: transitive
    description:
      name: platform
      sha256: "4a451831508d7d6ca779f7ac6e212b4023dd5a7d08a27a63da33756410e32b76"
      url: "https://pub.dev"
    source: hosted
    version: "3.1.0"
  plugin_platform_interface:
    dependency: transitive
    description:
      name: plugin_platform_interface
      sha256: "6a2128648c854906c53fa8e33986fc0247a1116122f9534dd20e3ab9e16a32bc"
      url: "https://pub.dev"
    source: hosted
    version: "2.1.4"
  pointycastle:
    dependency: transitive
    description:
      name: pointycastle
      sha256: c3120a968135aead39699267f4c74bc9a08e4e909e86bc1b0af5bfd78691123c
      url: "https://pub.dev"
    source: hosted
    version: "3.7.2"
  printing:
    dependency: "direct main"
    description:
      name: printing
      sha256: "4df9e22bd4cb2ecea67183e5b328711b10276127b8878d9d5cb60ccd4c24a77c"
      url: "https://pub.dev"
    source: hosted
    version: "5.9.3"
  process:
    dependency: transitive
    description:
      name: process
      sha256: "53fd8db9cec1d37b0574e12f07520d582019cb6c44abf5479a01505099a34a09"
      url: "https://pub.dev"
    source: hosted
    version: "4.2.4"
  provider:
    dependency: transitive
    description:
      name: provider
      sha256: cdbe7530b12ecd9eb455bdaa2fcb8d4dad22e80b8afb4798b41479d5ce26847f
      url: "https://pub.dev"
    source: hosted
    version: "6.0.5"
  qr:
    dependency: transitive
    description:
      name: qr
      sha256: "64957a3930367bf97cc211a5af99551d630f2f4625e38af10edd6b19131b64b3"
      url: "https://pub.dev"
    source: hosted
    version: "3.0.1"
  quickalert:
    dependency: "direct main"
    description:
      name: quickalert
      sha256: "33a52870b2a87c55d0649d0cd228efaa2368d5df39231fdecebb71f349a9b221"
      url: "https://pub.dev"
    source: hosted
    version: "1.0.1"
  quiver:
    dependency: transitive
    description:
      name: quiver
      sha256: b1c1ac5ce6688d77f65f3375a9abb9319b3cb32486bdc7a1e0fdf004d7ba4e47
      url: "https://pub.dev"
    source: hosted
    version: "3.2.1"
  rate_limiter:
    dependency: transitive
    description:
      name: rate_limiter
      sha256: "5d353ebbe1779bb26e08a593991f6a056ec0a23a02bc4ae1426554db0f867be6"
      url: "https://pub.dev"
    source: hosted
    version: "0.1.1"
  rxdart:
    dependency: transitive
    description:
      name: rxdart
      sha256: "0c7c0cedd93788d996e33041ffecda924cc54389199cde4e6a34b440f50044cb"
      url: "https://pub.dev"
    source: hosted
    version: "0.27.7"
  scrollable_positioned_list:
    dependency: transitive
    description:
      name: scrollable_positioned_list
      sha256: "9566352ab9ba05794ee6c8864f154afba5d36c5637d0e3e32c615ba4ceb92772"
      url: "https://pub.dev"
    source: hosted
    version: "0.2.3"
  share_plus:
    dependency: transitive
    description:
      name: share_plus
      sha256: efb7a8c75cb58c2bc39eacb7796c793fd0281a87e60660bb5530f1c93d29a233
      url: "https://pub.dev"
    source: hosted
    version: "2.2.0"
  share_plus_linux:
    dependency: transitive
    description:
      name: share_plus_linux
      sha256: c217d158bb0f2374dd8cf655160be13f8ace4d2555804cb2932a68141a315456
      url: "https://pub.dev"
    source: hosted
    version: "2.0.4"
  share_plus_macos:
    dependency: transitive
    description:
      name: share_plus_macos
      sha256: "3f12572a41dc59116559c8759a31d3a34b8350ffebefc516206f8c128e114658"
      url: "https://pub.dev"
    source: hosted
    version: "2.1.0"
  share_plus_platform_interface:
    dependency: transitive
    description:
      name: share_plus_platform_interface
      sha256: a15bc981f3169a95a5c8b6c2646cfb31cf8452ecf86cb491da1a61a7cee5cec5
      url: "https://pub.dev"
    source: hosted
    version: "2.1.0"
  share_plus_web:
    dependency: transitive
    description:
      name: share_plus_web
      sha256: b121451985255d61cfd30079fcfb25fd9c8a8e0222d25a7994e78175610f4357
      url: "https://pub.dev"
    source: hosted
    version: "2.0.4"
  share_plus_windows:
    dependency: transitive
    description:
      name: share_plus_windows
      sha256: "42cdcbc99652eceae5257eed9b06a26566d36ffc0238026ab71cb34102e05ae3"
      url: "https://pub.dev"
    source: hosted
    version: "2.0.3"
  shimmer:
    dependency: transitive
    description:
      name: shimmer
      sha256: "1f1009b5845a1f88f1c5630212279540486f97409e9fc3f63883e71070d107bf"
      url: "https://pub.dev"
    source: hosted
    version: "2.0.0"
  simple_gesture_detector:
    dependency: transitive
    description:
      name: simple_gesture_detector
      sha256: "86d08f85f1f58583b7b4b941d989f48ea6ce08c1724a1d10954a277c2ec36592"
      url: "https://pub.dev"
    source: hosted
    version: "0.2.0"
  sky_engine:
    dependency: transitive
    description: flutter
    source: sdk
    version: "0.0.99"
  source_span:
    dependency: transitive
    description:
      name: source_span
      sha256: dd904f795d4b4f3b870833847c461801f6750a9fa8e61ea5ac53f9422b31f250
      url: "https://pub.dev"
    source: hosted
    version: "1.9.1"
  sqflite:
    dependency: transitive
    description:
      name: sqflite
      sha256: "500d6fec583d2c021f2d25a056d96654f910662c64f836cd2063167b8f1fa758"
      url: "https://pub.dev"
    source: hosted
    version: "2.2.6"
  sqflite_common:
    dependency: transitive
    description:
      name: sqflite_common
      sha256: "963dad8c4aa2f814ce7d2d5b1da2f36f31bd1a439d8f27e3dc189bb9d26bc684"
      url: "https://pub.dev"
    source: hosted
    version: "2.4.3"
  stack_trace:
    dependency: transitive
    description:
      name: stack_trace
      sha256: c3c7d8edb15bee7f0f74debd4b9c5f3c2ea86766fe4178eb2a18eb30a0bdaed5
      url: "https://pub.dev"
    source: hosted
    version: "1.11.0"
  stream_channel:
    dependency: transitive
    description:
      name: stream_channel
      sha256: "83615bee9045c1d322bbbd1ba209b7a749c2cbcdcb3fdd1df8eb488b3279c1c8"
      url: "https://pub.dev"
    source: hosted
    version: "2.1.1"
  stream_chat:
    dependency: transitive
    description:
      name: stream_chat
      sha256: f781995bb0b82de8a40a20ebef56a6fd98bf912fea36ac1d8bcaa2e0a6f12401
      url: "https://pub.dev"
    source: hosted
    version: "3.6.2"
  stream_chat_flutter:
    dependency: "direct main"
    description:
      name: stream_chat_flutter
      sha256: "6ed23388e7802bfa1719e37e6b873ed1b86080485fc134bcd660f85f8f2af541"
      url: "https://pub.dev"
    source: hosted
    version: "3.1.1"
  stream_chat_flutter_core:
    dependency: transitive
    description:
      name: stream_chat_flutter_core
      sha256: "45703b779be98d2e8ca72f9b70d6f653fd767d5804d97d64203ca768d1239e2c"
      url: "https://pub.dev"
    source: hosted
    version: "3.6.2"
  string_scanner:
    dependency: transitive
    description:
      name: string_scanner
      sha256: "556692adab6cfa87322a115640c11f13cb77b3f076ddcc5d6ae3c20242bedcde"
      url: "https://pub.dev"
    source: hosted
    version: "1.2.0"
  substring_highlight:
    dependency: transitive
    description:
      name: substring_highlight
      sha256: "96c61e8316098831f6bee87d2386617e4be6aaf87fbc89402dc049d371b67efb"
      url: "https://pub.dev"
    source: hosted
    version: "1.0.33"
  synchronized:
    dependency: transitive
    description:
      name: synchronized
      sha256: "33b31b6beb98100bf9add464a36a8dd03eb10c7a8cf15aeec535e9b054aaf04b"
      url: "https://pub.dev"
    source: hosted
    version: "3.0.1"
  table_calendar:
    dependency: "direct main"
    description:
      name: table_calendar
      sha256: "7f1270313c0cdb245b583ed8518982c01d4a7e95869b3c30abcbae3b642c45d0"
      url: "https://pub.dev"
    source: hosted
    version: "3.0.8"
  term_glyph:
    dependency: transitive
    description:
      name: term_glyph
      sha256: a29248a84fbb7c79282b40b8c72a1209db169a2e0542bce341da992fe1bc7e84
      url: "https://pub.dev"
    source: hosted
    version: "1.2.1"
  test_api:
    dependency: transitive
    description:
      name: test_api
      sha256: ad540f65f92caa91bf21dfc8ffb8c589d6e4dc0c2267818b4cc2792857706206
      url: "https://pub.dev"
    source: hosted
    version: "0.4.16"
  typed_data:
    dependency: transitive
    description:
      name: typed_data
      sha256: "26f87ade979c47a150c9eaab93ccd2bebe70a27dc0b4b29517f2904f04eb11a5"
      url: "https://pub.dev"
    source: hosted
    version: "1.3.1"
  url_launcher:
    dependency: "direct main"
    description:
      name: url_launcher
      sha256: "75f2846facd11168d007529d6cd8fcb2b750186bea046af9711f10b907e1587e"
      url: "https://pub.dev"
    source: hosted
    version: "6.1.10"
  url_launcher_android:
    dependency: transitive
    description:
      name: url_launcher_android
      sha256: dd729390aa936bf1bdf5cd1bc7468ff340263f80a2c4f569416507667de8e3c8
      url: "https://pub.dev"
    source: hosted
    version: "6.0.26"
  url_launcher_ios:
    dependency: transitive
    description:
      name: url_launcher_ios
      sha256: "3dedc66ca3c0bef9e6a93c0999aee102556a450afcc1b7bcfeace7a424927d92"
      url: "https://pub.dev"
    source: hosted
    version: "6.1.3"
  url_launcher_linux:
    dependency: transitive
    description:
      name: url_launcher_linux
      sha256: "206fb8334a700ef7754d6a9ed119e7349bc830448098f21a69bf1b4ed038cabc"
      url: "https://pub.dev"
    source: hosted
    version: "3.0.4"
  url_launcher_macos:
    dependency: transitive
    description:
      name: url_launcher_macos
      sha256: "0ef2b4f97942a16523e51256b799e9aa1843da6c60c55eefbfa9dbc2dcb8331a"
      url: "https://pub.dev"
    source: hosted
    version: "3.0.4"
  url_launcher_platform_interface:
    dependency: transitive
    description:
      name: url_launcher_platform_interface
      sha256: "6c9ca697a5ae218ce56cece69d46128169a58aa8653c1b01d26fcd4aad8c4370"
      url: "https://pub.dev"
    source: hosted
    version: "2.1.2"
  url_launcher_web:
    dependency: transitive
    description:
      name: url_launcher_web
      sha256: "81fe91b6c4f84f222d186a9d23c73157dc4c8e1c71489c4d08be1ad3b228f1aa"
      url: "https://pub.dev"
    source: hosted
    version: "2.0.16"
  url_launcher_windows:
    dependency: transitive
    description:
      name: url_launcher_windows
      sha256: a83ba3607a507758669cfafb03f9de09bf6e6280c14d9b9cb18f013e406dcacd
      url: "https://pub.dev"
    source: hosted
    version: "3.0.5"
  uuid:
    dependency: transitive
    description:
      name: uuid
      sha256: "648e103079f7c64a36dc7d39369cabb358d377078a051d6ae2ad3aa539519313"
      url: "https://pub.dev"
    source: hosted
    version: "3.0.7"
  vector_math:
    dependency: transitive
    description:
      name: vector_math
      sha256: "80b3257d1492ce4d091729e3a67a60407d227c27241d6927be0130c98e741803"
      url: "https://pub.dev"
    source: hosted
    version: "2.1.4"
  video_compress:
    dependency: transitive
    description:
      name: video_compress
      sha256: "407693726e674a1e1958801deb2d9daf5a5297707ba6d03375007012dae7389a"
      url: "https://pub.dev"
    source: hosted
    version: "3.1.2"
  video_player:
    dependency: transitive
    description:
      name: video_player
      sha256: de95f0e9405f29b5582573d4166132e71f83b3158aac14e8ee5767a54f4f1fbd
      url: "https://pub.dev"
    source: hosted
    version: "2.6.1"
  video_player_android:
    dependency: transitive
    description:
      name: video_player_android
      sha256: a592048a711d5739d9cea2255d425779f138d41095b9149bda60ce4bc1af8871
      url: "https://pub.dev"
    source: hosted
    version: "2.4.4"
  video_player_avfoundation:
    dependency: transitive
    description:
      name: video_player_avfoundation
      sha256: af308d08c672d5ff718c60127665249617c37a709cb8f0a18dd28a0360299b7c
      url: "https://pub.dev"
    source: hosted
    version: "2.4.3"
  video_player_platform_interface:
    dependency: transitive
    description:
      name: video_player_platform_interface
      sha256: a8c4dcae2a7a6e7cc1d7f9808294d968eca1993af34a98e95b9bdfa959bec684
      url: "https://pub.dev"
    source: hosted
    version: "6.1.0"
  video_player_web:
    dependency: transitive
    description:
      name: video_player_web
      sha256: "44ce41424d104dfb7cf6982cc6b84af2b007a24d126406025bf40de5d481c74c"
      url: "https://pub.dev"
    source: hosted
    version: "2.0.16"
  video_thumbnail:
    dependency: transitive
    description:
      name: video_thumbnail
      sha256: "005bf7898bf6cddbf5f079e2618f3d3cb83dd2712714f0042b5a018c2b32e7d6"
      url: "https://pub.dev"
    source: hosted
    version: "0.4.6"
  visibility_detector:
    dependency: transitive
    description:
      name: visibility_detector
      sha256: ec932527913f32f65aa01d3a393504240b9e9021ecc77123f017755605e48832
      url: "https://pub.dev"
    source: hosted
    version: "0.2.2"
  wakelock:
    dependency: transitive
    description:
      name: wakelock
      sha256: "769ecf42eb2d07128407b50cb93d7c10bd2ee48f0276ef0119db1d25cc2f87db"
      url: "https://pub.dev"
    source: hosted
    version: "0.6.2"
  wakelock_macos:
    dependency: transitive
    description:
      name: wakelock_macos
      sha256: "047c6be2f88cb6b76d02553bca5a3a3b95323b15d30867eca53a19a0a319d4cd"
      url: "https://pub.dev"
    source: hosted
    version: "0.4.0"
  wakelock_platform_interface:
    dependency: transitive
    description:
      name: wakelock_platform_interface
      sha256: "1f4aeb81fb592b863da83d2d0f7b8196067451e4df91046c26b54a403f9de621"
      url: "https://pub.dev"
    source: hosted
    version: "0.3.0"
  wakelock_web:
    dependency: transitive
    description:
      name: wakelock_web
      sha256: "1b256b811ee3f0834888efddfe03da8d18d0819317f20f6193e2922b41a501b5"
      url: "https://pub.dev"
    source: hosted
    version: "0.4.0"
  wakelock_windows:
    dependency: transitive
    description:
      name: wakelock_windows
      sha256: "108b1b73711f1664ee462e73af34a9286ff496e27d4d8371e2fb4da8fde4cdac"
      url: "https://pub.dev"
    source: hosted
    version: "0.2.0"
  web_socket_channel:
    dependency: transitive
    description:
      name: web_socket_channel
      sha256: ca49c0bc209c687b887f30527fb6a9d80040b072cc2990f34b9bec3e7663101b
      url: "https://pub.dev"
    source: hosted
    version: "2.3.0"
  win32:
    dependency: transitive
    description:
      name: win32
      sha256: c0e3a4f7be7dae51d8f152230b86627e3397c1ba8c3fa58e63d44a9f3edc9cef
      url: "https://pub.dev"
    source: hosted
    version: "2.6.1"
  x509:
    dependency: transitive
    description:
      name: x509
      sha256: "6db77b0baecf54584f886607247e9dedd9fd63f1e2d0ee0a00b5bb353fd7885f"
      url: "https://pub.dev"
    source: hosted
    version: "0.2.3"
  xdg_directories:
    dependency: transitive
    description:
      name: xdg_directories
      sha256: ee1505df1426458f7f60aac270645098d318a8b4766d85fde75f76f2e21807d1
      url: "https://pub.dev"
    source: hosted
    version: "1.0.0"
  xml:
    dependency: transitive
    description:
      name: xml
      sha256: "80d494c09849dc3f899d227a78c30c5b949b985ededf884cb3f3bcd39f4b447a"
      url: "https://pub.dev"
    source: hosted
    version: "5.4.1"
sdks:
  dart: ">=2.19.2 <3.0.0"
  flutter: ">=3.3.0"
